# This file is automatically @generated by Cargo.
# It is not intended for manual editing.
version = 4

[[package]]
name = "bp-accounts"
version = "0.0.0"

[[package]]
name = "bp-book"
version = "0.0.0"

[[package]]
name = "bp-cli"
version = "0.0.0"

[[package]]
name = "bp-core"
version = "0.0.0"

[[package]]
name = "bp-daemon"
version = "0.0.0"

[[package]]
name = "bp-msgq"
version = "0.0.0"

[[package]]
name = "bp-p2p"
version = "0.0.0"

[[package]]
name = "bp-release"
version = "0.0.0"

[[package]]
name = "bp-testkit"
version = "0.0.0"

[[package]]
name = "bp-tmux"
version = "0.0.0"

[[package]]
name = "bp-tokens"
version = "0.0.0"
