# This file is automatically @generated by Cargo.
# It is not intended for manual editing.
version = 4

[[package]]
name = "blueprint"
version = "0.1.0"

[[package]]
name = "blueprint-commands"
version = "0.1.0"
dependencies = [
 "blueprint",
]

[[package]]
name = "blueprint-yamlparser"
version = "0.1.0"

[[package]]
name = "bp"
version = "0.1.0"
dependencies = [
 "blueprint",
 "blueprint-commands",
]
